
Microsoft Visual Studio Solution File, Format Version 12.00
# Visual Studio Version 16
VisualStudioVersion = 16.0.29009.5
MinimumVisualStudioVersion = 10.0.40219.1
Project("{FAE04EC0-301F-11D3-BF4B-00C04F79EFBC}") = "Les6", "Les6\Les6.csproj", "{5E818788-A19A-42CE-BE4D-64E50454E2A7}"
EndProject
Global
	GlobalSection(SolutionConfigurationPlatforms) = preSolution
		Debug|Any CPU = Debug|Any CPU
		Release|Any CPU = Release|Any CPU
	EndGlobalSection
	GlobalSection(ProjectConfigurationPlatforms) = postSolution
		{5E818788-A19A-42CE-BE4D-64E50454E2A7}.Debug|Any CPU.ActiveCfg = Debug|Any CPU
		{5E818788-A19A-42CE-BE4D-64E50454E2A7}.Debug|Any CPU.Build.0 = Debug|Any CPU
		{5E818788-A19A-42CE-BE4D-64E50454E2A7}.Release|Any CPU.ActiveCfg = Release|Any CPU
		{5E818788-A19A-42CE-BE4D-64E50454E2A7}.Release|Any CPU.Build.0 = Release|Any CPU
	EndGlobalSection
	GlobalSection(SolutionProperties) = preSolution
		HideSolutionNode = FALSE
	EndGlobalSection
	GlobalSection(ExtensibilityGlobals) = postSolution
		SolutionGuid = {054A1DE7-06E8-40E8-9F29-5BE1DBE92EEA}
	EndGlobalSection
EndGlobal
